
Microsoft Visual Studio Solution File, Format Version 12.00
# Visual Studio 15
VisualStudioVersion = 15.0.27130.2027
MinimumVisualStudioVersion = 10.0.40219.1
Project("{9A19103F-16F7-4668-BE54-9A1E7A4F7556}") = "ADMPlugin", "ADMPlugin\ADMPlugin.csproj", "{10481561-5B58-4A58-8CB6-92FC02DBF7B1}"
EndProject
Project("{FAE04EC0-301F-11D3-BF4B-00C04F79EFBC}") = "PluginTest", "PluginTest\PluginTest.csproj", "{42DC0E3E-2347-4177-B74F-8E58A80DBB02}"
EndProject
Project("{FAE04EC0-301F-11D3-BF4B-00C04F79EFBC}") = "TestUtilities", "TestUtilities\TestUtilities.csproj", "{52C4AA9C-938A-46F7-B658-E41E4F5687BE}"
EndProject
Global
	GlobalSection(SolutionConfigurationPlatforms) = preSolution
		Debug|Any CPU = Debug|Any CPU
		Release|Any CPU = Release|Any CPU
	EndGlobalSection
	GlobalSection(ProjectConfigurationPlatforms) = postSolution
		{10481561-5B58-4A58-8CB6-92FC02DBF7B1}.Debug|Any CPU.ActiveCfg = Debug|Any CPU
		{10481561-5B58-4A58-8CB6-92FC02DBF7B1}.Debug|Any CPU.Build.0 = Debug|Any CPU
		{10481561-5B58-4A58-8CB6-92FC02DBF7B1}.Release|Any CPU.ActiveCfg = Release|Any CPU
		{10481561-5B58-4A58-8CB6-92FC02DBF7B1}.Release|Any CPU.Build.0 = Release|Any CPU
		{42DC0E3E-2347-4177-B74F-8E58A80DBB02}.Debug|Any CPU.ActiveCfg = Debug|Any CPU
		{42DC0E3E-2347-4177-B74F-8E58A80DBB02}.Debug|Any CPU.Build.0 = Debug|Any CPU
		{42DC0E3E-2347-4177-B74F-8E58A80DBB02}.Release|Any CPU.ActiveCfg = Release|Any CPU
		{42DC0E3E-2347-4177-B74F-8E58A80DBB02}.Release|Any CPU.Build.0 = Release|Any CPU
		{52C4AA9C-938A-46F7-B658-E41E4F5687BE}.Debug|Any CPU.ActiveCfg = Debug|Any CPU
		{52C4AA9C-938A-46F7-B658-E41E4F5687BE}.Debug|Any CPU.Build.0 = Debug|Any CPU
		{52C4AA9C-938A-46F7-B658-E41E4F5687BE}.Release|Any CPU.ActiveCfg = Release|Any CPU
		{52C4AA9C-938A-46F7-B658-E41E4F5687BE}.Release|Any CPU.Build.0 = Release|Any CPU
	EndGlobalSection
	GlobalSection(SolutionProperties) = preSolution
		HideSolutionNode = FALSE
	EndGlobalSection
	GlobalSection(ExtensibilityGlobals) = postSolution
		SolutionGuid = {47D6EB3B-1DA8-4C35-9BF6-A99BAB19F637}
	EndGlobalSection
EndGlobal
