
Microsoft Visual Studio Solution File, Format Version 12.00
# Visual Studio 15
VisualStudioVersion = 15.0.27130.2036
MinimumVisualStudioVersion = 10.0.40219.1
Project("{9A19103F-16F7-4668-BE54-9A1E7A4F7556}") = "ADMPlugin", "ADMPlugin\ADMPlugin.csproj", "{544E1ACE-2655-4870-9EC0-D463C5947F7B}"
EndProject
Project("{9A19103F-16F7-4668-BE54-9A1E7A4F7556}") = "PluginTest", "PluginTest\PluginTest.csproj", "{8BADEBA8-7AE1-4DD6-A423-FBBE9C4E0498}"
EndProject
Project("{9A19103F-16F7-4668-BE54-9A1E7A4F7556}") = "TestUtilities", "TestUtilities\TestUtilities.csproj", "{346030C7-75A9-4C9E-9A9A-BB09E207AD9B}"
EndProject
Project("{9A19103F-16F7-4668-BE54-9A1E7A4F7556}") = "AcceptanceTest", "AcceptanceTest\AcceptanceTest.csproj", "{B0DECFAC-9297-4764-9CE7-91D0D66276AD}"
EndProject
Project("{2150E333-8FDC-42A3-9474-1A3956D46DE8}") = ".build", ".build", "{4EC051D9-5084-410F-A659-97B596975AEF}"
ProjectSection(SolutionItems) = preProject
	.travis.yml = .travis.yml
EndProjectSection
EndProject
Global
	GlobalSection(SolutionConfigurationPlatforms) = preSolution
		Debug|Any CPU = Debug|Any CPU
		Release|Any CPU = Release|Any CPU
	EndGlobalSection
	GlobalSection(ProjectConfigurationPlatforms) = postSolution
		{544E1ACE-2655-4870-9EC0-D463C5947F7B}.Debug|Any CPU.ActiveCfg = Debug|Any CPU
		{544E1ACE-2655-4870-9EC0-D463C5947F7B}.Debug|Any CPU.Build.0 = Debug|Any CPU
		{544E1ACE-2655-4870-9EC0-D463C5947F7B}.Release|Any CPU.ActiveCfg = Release|Any CPU
		{544E1ACE-2655-4870-9EC0-D463C5947F7B}.Release|Any CPU.Build.0 = Release|Any CPU
		{8BADEBA8-7AE1-4DD6-A423-FBBE9C4E0498}.Debug|Any CPU.ActiveCfg = Debug|Any CPU
		{8BADEBA8-7AE1-4DD6-A423-FBBE9C4E0498}.Debug|Any CPU.Build.0 = Debug|Any CPU
		{8BADEBA8-7AE1-4DD6-A423-FBBE9C4E0498}.Release|Any CPU.ActiveCfg = Release|Any CPU
		{8BADEBA8-7AE1-4DD6-A423-FBBE9C4E0498}.Release|Any CPU.Build.0 = Release|Any CPU
		{346030C7-75A9-4C9E-9A9A-BB09E207AD9B}.Debug|Any CPU.ActiveCfg = Debug|Any CPU
		{346030C7-75A9-4C9E-9A9A-BB09E207AD9B}.Debug|Any CPU.Build.0 = Debug|Any CPU
		{346030C7-75A9-4C9E-9A9A-BB09E207AD9B}.Release|Any CPU.ActiveCfg = Release|Any CPU
		{346030C7-75A9-4C9E-9A9A-BB09E207AD9B}.Release|Any CPU.Build.0 = Release|Any CPU
		{B0DECFAC-9297-4764-9CE7-91D0D66276AD}.Debug|Any CPU.ActiveCfg = Debug|Any CPU
		{B0DECFAC-9297-4764-9CE7-91D0D66276AD}.Debug|Any CPU.Build.0 = Debug|Any CPU
		{B0DECFAC-9297-4764-9CE7-91D0D66276AD}.Release|Any CPU.ActiveCfg = Release|Any CPU
		{B0DECFAC-9297-4764-9CE7-91D0D66276AD}.Release|Any CPU.Build.0 = Release|Any CPU
	EndGlobalSection
	GlobalSection(SolutionProperties) = preSolution
		HideSolutionNode = FALSE
	EndGlobalSection
	GlobalSection(ExtensibilityGlobals) = postSolution
		SolutionGuid = {97C57A24-3EF5-4CF0-B193-6B0E7A98234D}
	EndGlobalSection
	GlobalSection(NestedProjects) = preSolution
	EndGlobalSection
EndGlobal
